
Microsoft Visual Studio Solution File, Format Version 12.00
# Visual Studio Version 16
VisualStudioVersion = 16.0.32126.315
MinimumVisualStudioVersion = 10.0.40219.1
Project("{FAE04EC0-301F-11D3-BF4B-00C04F79EFBC}") = "Journal", "Journal\Journal.csproj", "{7E87DB83-5BB4-4C8E-9474-C9C016E039DD}"
EndProject
Global
	GlobalSection(SolutionConfigurationPlatforms) = preSolution
		Debug|Any CPU = Debug|Any CPU
		Release|Any CPU = Release|Any CPU
	EndGlobalSection
	GlobalSection(ProjectConfigurationPlatforms) = postSolution
		{7E87DB83-5BB4-4C8E-9474-C9C016E039DD}.Debug|Any CPU.ActiveCfg = Debug|Any CPU
		{7E87DB83-5BB4-4C8E-9474-C9C016E039DD}.Debug|Any CPU.Build.0 = Debug|Any CPU
		{7E87DB83-5BB4-4C8E-9474-C9C016E039DD}.Release|Any CPU.ActiveCfg = Release|Any CPU
		{7E87DB83-5BB4-4C8E-9474-C9C016E039DD}.Release|Any CPU.Build.0 = Release|Any CPU
	EndGlobalSection
	GlobalSection(SolutionProperties) = preSolution
		HideSolutionNode = FALSE
	EndGlobalSection
	GlobalSection(ExtensibilityGlobals) = postSolution
		SolutionGuid = {DF409409-5F82-4F16-9659-A4A02D68CFCA}
	EndGlobalSection
EndGlobal
